
Microsoft Visual Studio Solution File, Format Version 12.00
# Visual Studio Version 17
VisualStudioVersion = 17.4.33213.308
MinimumVisualStudioVersion = 10.0.40219.1
Project("{FAE04EC0-301F-11D3-BF4B-00C04F79EFBC}") = "Lab7_Dominguez_APM.Android", "Lab7_Dominguez_APM\Lab7_Dominguez_APM.Android\Lab7_Dominguez_APM.Android.csproj", "{F52FD728-7DC0-4F44-829F-75399B0321A1}"
EndProject
Project("{FAE04EC0-301F-11D3-BF4B-00C04F79EFBC}") = "Lab7_Dominguez_APM.iOS", "Lab7_Dominguez_APM\Lab7_Dominguez_APM.iOS\Lab7_Dominguez_APM.iOS.csproj", "{A396A79D-5B38-4FB2-901E-938732AF3050}"
EndProject
Project("{FAE04EC0-301F-11D3-BF4B-00C04F79EFBC}") = "Lab7_Dominguez_APM", "Lab7_Dominguez_APM\Lab7_Dominguez_APM\Lab7_Dominguez_APM.csproj", "{96585B79-79C1-479C-BB27-BF6B9CBF2FF5}"
EndProject
Global
	GlobalSection(SolutionConfigurationPlatforms) = preSolution
		Debug|Any CPU = Debug|Any CPU
		Debug|iPhone = Debug|iPhone
		Debug|iPhoneSimulator = Debug|iPhoneSimulator
		Release|Any CPU = Release|Any CPU
		Release|iPhone = Release|iPhone
		Release|iPhoneSimulator = Release|iPhoneSimulator
	EndGlobalSection
	GlobalSection(ProjectConfigurationPlatforms) = postSolution
		{F52FD728-7DC0-4F44-829F-75399B0321A1}.Debug|Any CPU.ActiveCfg = Debug|Any CPU
		{F52FD728-7DC0-4F44-829F-75399B0321A1}.Debug|Any CPU.Build.0 = Debug|Any CPU
		{F52FD728-7DC0-4F44-829F-75399B0321A1}.Debug|Any CPU.Deploy.0 = Debug|Any CPU
		{F52FD728-7DC0-4F44-829F-75399B0321A1}.Debug|iPhone.ActiveCfg = Debug|Any CPU
		{F52FD728-7DC0-4F44-829F-75399B0321A1}.Debug|iPhone.Build.0 = Debug|Any CPU
		{F52FD728-7DC0-4F44-829F-75399B0321A1}.Debug|iPhone.Deploy.0 = Debug|Any CPU
		{F52FD728-7DC0-4F44-829F-75399B0321A1}.Debug|iPhoneSimulator.ActiveCfg = Debug|Any CPU
		{F52FD728-7DC0-4F44-829F-75399B0321A1}.Debug|iPhoneSimulator.Build.0 = Debug|Any CPU
		{F52FD728-7DC0-4F44-829F-75399B0321A1}.Debug|iPhoneSimulator.Deploy.0 = Debug|Any CPU
		{F52FD728-7DC0-4F44-829F-75399B0321A1}.Release|Any CPU.ActiveCfg = Release|Any CPU
		{F52FD728-7DC0-4F44-829F-75399B0321A1}.Release|Any CPU.Build.0 = Release|Any CPU
		{F52FD728-7DC0-4F44-829F-75399B0321A1}.Release|Any CPU.Deploy.0 = Release|Any CPU
		{F52FD728-7DC0-4F44-829F-75399B0321A1}.Release|iPhone.ActiveCfg = Release|Any CPU
		{F52FD728-7DC0-4F44-829F-75399B0321A1}.Release|iPhone.Build.0 = Release|Any CPU
		{F52FD728-7DC0-4F44-829F-75399B0321A1}.Release|iPhone.Deploy.0 = Release|Any CPU
		{F52FD728-7DC0-4F44-829F-75399B0321A1}.Release|iPhoneSimulator.ActiveCfg = Release|Any CPU
		{F52FD728-7DC0-4F44-829F-75399B0321A1}.Release|iPhoneSimulator.Build.0 = Release|Any CPU
		{F52FD728-7DC0-4F44-829F-75399B0321A1}.Release|iPhoneSimulator.Deploy.0 = Release|Any CPU
		{A396A79D-5B38-4FB2-901E-938732AF3050}.Debug|Any CPU.ActiveCfg = Debug|iPhone
		{A396A79D-5B38-4FB2-901E-938732AF3050}.Debug|Any CPU.Build.0 = Debug|iPhone
		{A396A79D-5B38-4FB2-901E-938732AF3050}.Debug|Any CPU.Deploy.0 = Debug|iPhone
		{A396A79D-5B38-4FB2-901E-938732AF3050}.Debug|iPhone.ActiveCfg = Debug|iPhone
		{A396A79D-5B38-4FB2-901E-938732AF3050}.Debug|iPhone.Build.0 = Debug|iPhone
		{A396A79D-5B38-4FB2-901E-938732AF3050}.Debug|iPhone.Deploy.0 = Debug|iPhone
		{A396A79D-5B38-4FB2-901E-938732AF3050}.Debug|iPhoneSimulator.ActiveCfg = Debug|iPhoneSimulator
		{A396A79D-5B38-4FB2-901E-938732AF3050}.Debug|iPhoneSimulator.Build.0 = Debug|iPhoneSimulator
		{A396A79D-5B38-4FB2-901E-938732AF3050}.Debug|iPhoneSimulator.Deploy.0 = Debug|iPhoneSimulator
		{A396A79D-5B38-4FB2-901E-938732AF3050}.Release|Any CPU.ActiveCfg = Release|iPhoneSimulator
		{A396A79D-5B38-4FB2-901E-938732AF3050}.Release|Any CPU.Build.0 = Release|iPhoneSimulator
		{A396A79D-5B38-4FB2-901E-938732AF3050}.Release|Any CPU.Deploy.0 = Release|iPhoneSimulator
		{A396A79D-5B38-4FB2-901E-938732AF3050}.Release|iPhone.ActiveCfg = Release|iPhone
		{A396A79D-5B38-4FB2-901E-938732AF3050}.Release|iPhone.Build.0 = Release|iPhone
		{A396A79D-5B38-4FB2-901E-938732AF3050}.Release|iPhone.Deploy.0 = Release|iPhone
		{A396A79D-5B38-4FB2-901E-938732AF3050}.Release|iPhoneSimulator.ActiveCfg = Release|iPhoneSimulator
		{A396A79D-5B38-4FB2-901E-938732AF3050}.Release|iPhoneSimulator.Build.0 = Release|iPhoneSimulator
		{A396A79D-5B38-4FB2-901E-938732AF3050}.Release|iPhoneSimulator.Deploy.0 = Release|iPhoneSimulator
		{96585B79-79C1-479C-BB27-BF6B9CBF2FF5}.Debug|Any CPU.ActiveCfg = Debug|Any CPU
		{96585B79-79C1-479C-BB27-BF6B9CBF2FF5}.Debug|Any CPU.Build.0 = Debug|Any CPU
		{96585B79-79C1-479C-BB27-BF6B9CBF2FF5}.Debug|Any CPU.Deploy.0 = Debug|Any CPU
		{96585B79-79C1-479C-BB27-BF6B9CBF2FF5}.Debug|iPhone.ActiveCfg = Debug|Any CPU
		{96585B79-79C1-479C-BB27-BF6B9CBF2FF5}.Debug|iPhone.Build.0 = Debug|Any CPU
		{96585B79-79C1-479C-BB27-BF6B9CBF2FF5}.Debug|iPhone.Deploy.0 = Debug|Any CPU
		{96585B79-79C1-479C-BB27-BF6B9CBF2FF5}.Debug|iPhoneSimulator.ActiveCfg = Debug|Any CPU
		{96585B79-79C1-479C-BB27-BF6B9CBF2FF5}.Debug|iPhoneSimulator.Build.0 = Debug|Any CPU
		{96585B79-79C1-479C-BB27-BF6B9CBF2FF5}.Debug|iPhoneSimulator.Deploy.0 = Debug|Any CPU
		{96585B79-79C1-479C-BB27-BF6B9CBF2FF5}.Release|Any CPU.ActiveCfg = Release|Any CPU
		{96585B79-79C1-479C-BB27-BF6B9CBF2FF5}.Release|Any CPU.Build.0 = Release|Any CPU
		{96585B79-79C1-479C-BB27-BF6B9CBF2FF5}.Release|Any CPU.Deploy.0 = Release|Any CPU
		{96585B79-79C1-479C-BB27-BF6B9CBF2FF5}.Release|iPhone.ActiveCfg = Release|Any CPU
		{96585B79-79C1-479C-BB27-BF6B9CBF2FF5}.Release|iPhone.Build.0 = Release|Any CPU
		{96585B79-79C1-479C-BB27-BF6B9CBF2FF5}.Release|iPhone.Deploy.0 = Release|Any CPU
		{96585B79-79C1-479C-BB27-BF6B9CBF2FF5}.Release|iPhoneSimulator.ActiveCfg = Release|Any CPU
		{96585B79-79C1-479C-BB27-BF6B9CBF2FF5}.Release|iPhoneSimulator.Build.0 = Release|Any CPU
		{96585B79-79C1-479C-BB27-BF6B9CBF2FF5}.Release|iPhoneSimulator.Deploy.0 = Release|Any CPU
	EndGlobalSection
	GlobalSection(SolutionProperties) = preSolution
		HideSolutionNode = FALSE
	EndGlobalSection
	GlobalSection(ExtensibilityGlobals) = postSolution
		SolutionGuid = {F575E382-8110-4012-980A-753AC0DD3697}
	EndGlobalSection
EndGlobal
